// !$*UTF8*$!
{
	archiveVersion = 1;
	classes = {
	};
	objectVersion = 50;
	objects = {

/* Begin PBXBuildFile section */
		C944D8C525EF3DF500DA8A63 /* AppDelegate.swift in Sources */ = {isa = PBXBuildFile; fileRef = C944D8C425EF3DF500DA8A63 /* AppDelegate.swift */; };
		C944D8C725EF3DF500DA8A63 /* SceneDelegate.swift in Sources */ = {isa = PBXBuildFile; fileRef = C944D8C625EF3DF500DA8A63 /* SceneDelegate.swift */; };
		C944D8C925EF3DF500DA8A63 /* ViewController.swift in Sources */ = {isa = PBXBuildFile; fileRef = C944D8C825EF3DF500DA8A63 /* ViewController.swift */; };
		C944D8CC25EF3DF500DA8A63 /* Main.storyboard in Resources */ = {isa = PBXBuildFile; fileRef = C944D8CA25EF3DF500DA8A63 /* Main.storyboard */; };
		C944D8CE25EF3DF600DA8A63 /* Assets.xcassets in Resources */ = {isa = PBXBuildFile; fileRef = C944D8CD25EF3DF600DA8A63 /* Assets.xcassets */; };
		C944D8D125EF3DF600DA8A63 /* LaunchScreen.storyboard in Resources */ = {isa = PBXBuildFile; fileRef = C944D8CF25EF3DF600DA8A63 /* LaunchScreen.storyboard */; };
		C944D8DC25F48AD800DA8A63 /* countDownForOneSecond.mp3 in Resources */ = {isa = PBXBuildFile; fileRef = C944D8DB25F48AD800DA8A63 /* countDownForOneSecond.mp3 */; };
		C944D8E125F4CD0300DA8A63 /* bombSoundEffect.mp3 in Resources */ = {isa = PBXBuildFile; fileRef = C944D8E025F4CD0300DA8A63 /* bombSoundEffect.mp3 */; };
		C98E3DDF25F5188300524DC3 /* correctSoundEffect.mp3 in Resources */ = {isa = PBXBuildFile; fileRef = C98E3DDD25F5188200524DC3 /* correctSoundEffect.mp3 */; };
		C98E3DE025F5188300524DC3 /* wrongSoundEffect.mp3 in Resources */ = {isa = PBXBuildFile; fileRef = C98E3DDE25F5188200524DC3 /* wrongSoundEffect.mp3 */; };
/* End PBXBuildFile section */

/* Begin PBXFileReference section */
		C944D8C125EF3DF500DA8A63 /* guessTheNumber.app */ = {isa = PBXFileReference; explicitFileType = wrapper.application; includeInIndex = 0; path = guessTheNumber.app; sourceTree = BUILT_PRODUCTS_DIR; };
		C944D8C425EF3DF500DA8A63 /* AppDelegate.swift */ = {isa = PBXFileReference; lastKnownFileType = sourcecode.swift; path = AppDelegate.swift; sourceTree = "<group>"; };
		C944D8C625EF3DF500DA8A63 /* SceneDelegate.swift */ = {isa = PBXFileReference; lastKnownFileType = sourcecode.swift; path = SceneDelegate.swift; sourceTree = "<group>"; };
		C944D8C825EF3DF500DA8A63 /* ViewController.swift */ = {isa = PBXFileReference; lastKnownFileType = sourcecode.swift; path = ViewController.swift; sourceTree = "<group>"; };
		C944D8CB25EF3DF500DA8A63 /* Base */ = {isa = PBXFileReference; lastKnownFileType = file.storyboard; name = Base; path = Base.lproj/Main.storyboard; sourceTree = "<group>"; };
		C944D8CD25EF3DF600DA8A63 /* Assets.xcassets */ = {isa = PBXFileReference; lastKnownFileType = folder.assetcatalog; path = Assets.xcassets; sourceTree = "<group>"; };
		C944D8D025EF3DF600DA8A63 /* Base */ = {isa = PBXFileReference; lastKnownFileType = file.storyboard; name = Base; path = Base.lproj/LaunchScreen.storyboard; sourceTree = "<group>"; };
		C944D8D225EF3DF600DA8A63 /* Info.plist */ = {isa = PBXFileReference; lastKnownFileType = text.plist.xml; path = Info.plist; sourceTree = "<group>"; };
		C944D8DB25F48AD800DA8A63 /* countDownForOneSecond.mp3 */ = {isa = PBXFileReference; lastKnownFileType = audio.mp3; path = countDownForOneSecond.mp3; sourceTree = "<group>"; };
		C944D8E025F4CD0300DA8A63 /* bombSoundEffect.mp3 */ = {isa = PBXFileReference; lastKnownFileType = audio.mp3; path = bombSoundEffect.mp3; sourceTree = "<group>"; };
		C98E3DDD25F5188200524DC3 /* correctSoundEffect.mp3 */ = {isa = PBXFileReference; lastKnownFileType = audio.mp3; path = correctSoundEffect.mp3; sourceTree = "<group>"; };
		C98E3DDE25F5188200524DC3 /* wrongSoundEffect.mp3 */ = {isa = PBXFileReference; lastKnownFileType = audio.mp3; path = wrongSoundEffect.mp3; sourceTree = "<group>"; };
/* End PBXFileReference section */

/* Begin PBXFrameworksBuildPhase section */
		C944D8BE25EF3DF500DA8A63 /* Frameworks */ = {
			isa = PBXFrameworksBuildPhase;
			buildActionMask = 2147483647;
			files = (
			);
			runOnlyForDeploymentPostprocessing = 0;
		};
/* End PBXFrameworksBuildPhase section */

/* Begin PBXGroup section */
		C944D8B825EF3DF500DA8A63 = {
			isa = PBXGroup;
			children = (
				C944D8C325EF3DF500DA8A63 /* guessTheNumber */,
				C944D8C225EF3DF500DA8A63 /* Products */,
			);
			sourceTree = "<group>";
		};
		C944D8C225EF3DF500DA8A63 /* Products */ = {
			isa = PBXGroup;
			children = (
				C944D8C125EF3DF500DA8A63 /* guessTheNumber.app */,
			);
			name = Products;
			sourceTree = "<group>";
		};
		C944D8C325EF3DF500DA8A63 /* guessTheNumber */ = {
			isa = PBXGroup;
			children = (
				C944D8E025F4CD0300DA8A63 /* bombSoundEffect.mp3 */,
				C944D8DB25F48AD800DA8A63 /* countDownForOneSecond.mp3 */,
				C98E3DDD25F5188200524DC3 /* correctSoundEffect.mp3 */,
				C98E3DDE25F5188200524DC3 /* wrongSoundEffect.mp3 */,
				C944D8C425EF3DF500DA8A63 /* AppDelegate.swift */,
				C944D8C625EF3DF500DA8A63 /* SceneDelegate.swift */,
				C944D8C825EF3DF500DA8A63 /* ViewController.swift */,
				C944D8CA25EF3DF500DA8A63 /* Main.storyboard */,
				C944D8CD25EF3DF600DA8A63 /* Assets.xcassets */,
				C944D8CF25EF3DF600DA8A63 /* LaunchScreen.storyboard */,
				C944D8D225EF3DF600DA8A63 /* Info.plist */,
			);
			path = guessTheNumber;
			sourceTree = "<group>";
		};
/* End PBXGroup section */

/* Begin PBXNativeTarget section */
		C944D8C025EF3DF500DA8A63 /* guessTheNumber */ = {
			isa = PBXNativeTarget;
			buildConfigurationList = C944D8D525EF3DF600DA8A63 /* Build configuration list for PBXNativeTarget "guessTheNumber" */;
			buildPhases = (
				C944D8BD25EF3DF500DA8A63 /* Sources */,
				C944D8BE25EF3DF500DA8A63 /* Frameworks */,
				C944D8BF25EF3DF500DA8A63 /* Resources */,
			);
			buildRules = (
			);
			dependencies = (
			);
			name = guessTheNumber;
			productName = guessTheNumber;
			productReference = C944D8C125EF3DF500DA8A63 /* guessTheNumber.app */;
			productType = "com.apple.product-type.application";
		};
/* End PBXNativeTarget section */

/* Begin PBXProject section */
		C944D8B925EF3DF500DA8A63 /* Project object */ = {
			isa = PBXProject;
			attributes = {
				LastSwiftUpdateCheck = 1220;
				LastUpgradeCheck = 1220;
				TargetAttributes = {
					C944D8C025EF3DF500DA8A63 = {
						CreatedOnToolsVersion = 12.2;
					};
				};
			};
			buildConfigurationList = C944D8BC25EF3DF500DA8A63 /* Build configuration list for PBXProject "guessTheNumber" */;
			compatibilityVersion = "Xcode 9.3";
			developmentRegion = en;
			hasScannedForEncodings = 0;
			knownRegions = (
				en,
				Base,
			);
			mainGroup = C944D8B825EF3DF500DA8A63;
			productRefGroup = C944D8C225EF3DF500DA8A63 /* Products */;
			projectDirPath = "";
			projectRoot = "";
			targets = (
				C944D8C025EF3DF500DA8A63 /* guessTheNumber */,
			);
		};
/* End PBXProject section */

/* Begin PBXResourcesBuildPhase section */
		C944D8BF25EF3DF500DA8A63 /* Resources */ = {
			isa = PBXResourcesBuildPhase;
			buildActionMask = 2147483647;
			files = (
				C944D8D125EF3DF600DA8A63 /* LaunchScreen.storyboard in Resources */,
				C944D8E125F4CD0300DA8A63 /* bombSoundEffect.mp3 in Resources */,
				C98E3DDF25F5188300524DC3 /* correctSoundEffect.mp3 in Resources */,
				C944D8DC25F48AD800DA8A63 /* countDownForOneSecond.mp3 in Resources */,
				C944D8CE25EF3DF600DA8A63 /* Assets.xcassets in Resources */,
				C98E3DE025F5188300524DC3 /* wrongSoundEffect.mp3 in Resources */,
				C944D8CC25EF3DF500DA8A63 /* Main.storyboard in Resources */,
			);
			runOnlyForDeploymentPostprocessing = 0;
		};
/* End PBXResourcesBuildPhase section */

/* Begin PBXSourcesBuildPhase section */
		C944D8BD25EF3DF500DA8A63 /* Sources */ = {
			isa = PBXSourcesBuildPhase;
			buildActionMask = 2147483647;
			files = (
				C944D8C925EF3DF500DA8A63 /* ViewController.swift in Sources */,
				C944D8C525EF3DF500DA8A63 /* AppDelegate.swift in Sources */,
				C944D8C725EF3DF500DA8A63 /* SceneDelegate.swift in Sources */,
			);
			runOnlyForDeploymentPostprocessing = 0;
		};
/* End PBXSourcesBuildPhase section */

/* Begin PBXVariantGroup section */
		C944D8CA25EF3DF500DA8A63 /* Main.storyboard */ = {
			isa = PBXVariantGroup;
			children = (
				C944D8CB25EF3DF500DA8A63 /* Base */,
			);
			name = Main.storyboard;
			sourceTree = "<group>";
		};
		C944D8CF25EF3DF600DA8A63 /* LaunchScreen.storyboard */ = {
			isa = PBXVariantGroup;
			children = (
				C944D8D025EF3DF600DA8A63 /* Base */,
			);
			name = LaunchScreen.storyboard;
			sourceTree = "<group>";
		};
/* End PBXVariantGroup section */

/* Begin XCBuildConfiguration section */
		C944D8D325EF3DF600DA8A63 /* Debug */ = {
			isa = XCBuildConfiguration;
			buildSettings = {
				ALWAYS_SEARCH_USER_PATHS = NO;
				CLANG_ANALYZER_NONNULL = YES;
				CLANG_ANALYZER_NUMBER_OBJECT_CONVERSION = YES_AGGRESSIVE;
				CLANG_CXX_LANGUAGE_STANDARD = "gnu++14";
				CLANG_CXX_LIBRARY = "libc++";
				CLANG_ENABLE_MODULES = YES;
				CLANG_ENABLE_OBJC_ARC = YES;
				CLANG_ENABLE_OBJC_WEAK = YES;
				CLANG_WARN_BLOCK_CAPTURE_AUTORELEASING = YES;
				CLANG_WARN_BOOL_CONVERSION = YES;
				CLANG_WARN_COMMA = YES;
				CLANG_WARN_CONSTANT_CONVERSION = YES;
				CLANG_WARN_DEPRECATED_OBJC_IMPLEMENTATIONS = YES;
				CLANG_WARN_DIRECT_OBJC_ISA_USAGE = YES_ERROR;
				CLANG_WARN_DOCUMENTATION_COMMENTS = YES;
				CLANG_WARN_EMPTY_BODY = YES;
				CLANG_WARN_ENUM_CONVERSION = YES;
				CLANG_WARN_INFINITE_RECURSION = YES;
				CLANG_WARN_INT_CONVERSION = YES;
				CLANG_WARN_NON_LITERAL_NULL_CONVERSION = YES;
				CLANG_WARN_OBJC_IMPLICIT_RETAIN_SELF = YES;
				CLANG_WARN_OBJC_LITERAL_CONVERSION = YES;
				CLANG_WARN_OBJC_ROOT_CLASS = YES_ERROR;
				CLANG_WARN_QUOTED_INCLUDE_IN_FRAMEWORK_HEADER = YES;
				CLANG_WARN_RANGE_LOOP_ANALYSIS = YES;
				CLANG_WARN_STRICT_PROTOTYPES = YES;
				CLANG_WARN_SUSPICIOUS_MOVE = YES;
				CLANG_WARN_UNGUARDED_AVAILABILITY = YES_AGGRESSIVE;
				CLANG_WARN_UNREACHABLE_CODE = YES;
				CLANG_WARN__DUPLICATE_METHOD_MATCH = YES;
				COPY_PHASE_STRIP = NO;
				DEBUG_INFORMATION_FORMAT = dwarf;
				ENABLE_STRICT_OBJC_MSGSEND = YES;
				ENABLE_TESTABILITY = YES;
				GCC_C_LANGUAGE_STANDARD = gnu11;
				GCC_DYNAMIC_NO_PIC = NO;
				GCC_NO_COMMON_BLOCKS = YES;
				GCC_OPTIMIZATION_LEVEL = 0;
				GCC_PREPROCESSOR_DEFINITIONS = (
					"DEBUG=1",
					"$(inherited)",
				);
				GCC_WARN_64_TO_32_BIT_CONVERSION = YES;
				GCC_WARN_ABOUT_RETURN_TYPE = YES_ERROR;
				GCC_WARN_UNDECLARED_SELECTOR = YES;
				GCC_WARN_UNINITIALIZED_AUTOS = YES_AGGRESSIVE;
				GCC_WARN_UNUSED_FUNCTION = YES;
				GCC_WARN_UNUSED_VARIABLE = YES;
				IPHONEOS_DEPLOYMENT_TARGET = 14.2;
				MTL_ENABLE_DEBUG_INFO = INCLUDE_SOURCE;
				MTL_FAST_MATH = YES;
				ONLY_ACTIVE_ARCH = YES;
				SDKROOT = iphoneos;
				SWIFT_ACTIVE_COMPILATION_CONDITIONS = DEBUG;
				SWIFT_OPTIMIZATION_LEVEL = "-Onone";
			};
			name = Debug;
		};
		C944D8D425EF3DF600DA8A63 /* Release */ = {
			isa = XCBuildConfiguration;
			buildSettings = {
				ALWAYS_SEARCH_USER_PATHS = NO;
				CLANG_ANALYZER_NONNULL = YES;
				CLANG_ANALYZER_NUMBER_OBJECT_CONVERSION = YES_AGGRESSIVE;
				CLANG_CXX_LANGUAGE_STANDARD = "gnu++14";
				CLANG_CXX_LIBRARY = "libc++";
				CLANG_ENABLE_MODULES = YES;
				CLANG_ENABLE_OBJC_ARC = YES;
				CLANG_ENABLE_OBJC_WEAK = YES;
				CLANG_WARN_BLOCK_CAPTURE_AUTORELEASING = YES;
				CLANG_WARN_BOOL_CONVERSION = YES;
				CLANG_WARN_COMMA = YES;
				CLANG_WARN_CONSTANT_CONVERSION = YES;
				CLANG_WARN_DEPRECATED_OBJC_IMPLEMENTATIONS = YES;
				CLANG_WARN_DIRECT_OBJC_ISA_USAGE = YES_ERROR;
				CLANG_WARN_DOCUMENTATION_COMMENTS = YES;
				CLANG_WARN_EMPTY_BODY = YES;
				CLANG_WARN_ENUM_CONVERSION = YES;
				CLANG_WARN_INFINITE_RECURSION = YES;
				CLANG_WARN_INT_CONVERSION = YES;
				CLANG_WARN_NON_LITERAL_NULL_CONVERSION = YES;
				CLANG_WARN_OBJC_IMPLICIT_RETAIN_SELF = YES;
				CLANG_WARN_OBJC_LITERAL_CONVERSION = YES;
				CLANG_WARN_OBJC_ROOT_CLASS = YES_ERROR;
				CLANG_WARN_QUOTED_INCLUDE_IN_FRAMEWORK_HEADER = YES;
				CLANG_WARN_RANGE_LOOP_ANALYSIS = YES;
				CLANG_WARN_STRICT_PROTOTYPES = YES;
				CLANG_WARN_SUSPICIOUS_MOVE = YES;
				CLANG_WARN_UNGUARDED_AVAILABILITY = YES_AGGRESSIVE;
				CLANG_WARN_UNREACHABLE_CODE = YES;
				CLANG_WARN__DUPLICATE_METHOD_MATCH = YES;
				COPY_PHASE_STRIP = NO;
				DEBUG_INFORMATION_FORMAT = "dwarf-with-dsym";
				ENABLE_NS_ASSERTIONS = NO;
				ENABLE_STRICT_OBJC_MSGSEND = YES;
				GCC_C_LANGUAGE_STANDARD = gnu11;
				GCC_NO_COMMON_BLOCKS = YES;
				GCC_WARN_64_TO_32_BIT_CONVERSION = YES;
				GCC_WARN_ABOUT_RETURN_TYPE = YES_ERROR;
				GCC_WARN_UNDECLARED_SELECTOR = YES;
				GCC_WARN_UNINITIALIZED_AUTOS = YES_AGGRESSIVE;
				GCC_WARN_UNUSED_FUNCTION = YES;
				GCC_WARN_UNUSED_VARIABLE = YES;
				IPHONEOS_DEPLOYMENT_TARGET = 14.2;
				MTL_ENABLE_DEBUG_INFO = NO;
				MTL_FAST_MATH = YES;
				SDKROOT = iphoneos;
				SWIFT_COMPILATION_MODE = wholemodule;
				SWIFT_OPTIMIZATION_LEVEL = "-O";
				VALIDATE_PRODUCT = YES;
			};
			name = Release;
		};
		C944D8D625EF3DF600DA8A63 /* Debug */ = {
			isa = XCBuildConfiguration;
			buildSettings = {
				ASSETCATALOG_COMPILER_APPICON_NAME = AppIcon;
				ASSETCATALOG_COMPILER_GLOBAL_ACCENT_COLOR_NAME = AccentColor;
				CODE_SIGN_STYLE = Automatic;
				DEVELOPMENT_TEAM = KZ4YU874PU;
				INFOPLIST_FILE = guessTheNumber/Info.plist;
				IPHONEOS_DEPLOYMENT_TARGET = 13.5;
				LD_RUNPATH_SEARCH_PATHS = (
					"$(inherited)",
					"@executable_path/Frameworks",
				);
				PRODUCT_BUNDLE_IDENTIFIER = com.patty.guessTheNumber;
				PRODUCT_NAME = "$(TARGET_NAME)";
				SWIFT_VERSION = 5.0;
				TARGETED_DEVICE_FAMILY = "1,2";
			};
			name = Debug;
		};
		C944D8D725EF3DF600DA8A63 /* Release */ = {
			isa = XCBuildConfiguration;
			buildSettings = {
				ASSETCATALOG_COMPILER_APPICON_NAME = AppIcon;
				ASSETCATALOG_COMPILER_GLOBAL_ACCENT_COLOR_NAME = AccentColor;
				CODE_SIGN_STYLE = Automatic;
				DEVELOPMENT_TEAM = KZ4YU874PU;
				INFOPLIST_FILE = guessTheNumber/Info.plist;
				IPHONEOS_DEPLOYMENT_TARGET = 13.5;
				LD_RUNPATH_SEARCH_PATHS = (
					"$(inherited)",
					"@executable_path/Frameworks",
				);
				PRODUCT_BUNDLE_IDENTIFIER = com.patty.guessTheNumber;
				PRODUCT_NAME = "$(TARGET_NAME)";
				SWIFT_VERSION = 5.0;
				TARGETED_DEVICE_FAMILY = "1,2";
			};
			name = Release;
		};
/* End XCBuildConfiguration section */

/* Begin XCConfigurationList section */
		C944D8BC25EF3DF500DA8A63 /* Build configuration list for PBXProject "guessTheNumber" */ = {
			isa = XCConfigurationList;
			buildConfigurations = (
				C944D8D325EF3DF600DA8A63 /* Debug */,
				C944D8D425EF3DF600DA8A63 /* Release */,
			);
			defaultConfigurationIsVisible = 0;
			defaultConfigurationName = Release;
		};
		C944D8D525EF3DF600DA8A63 /* Build configuration list for PBXNativeTarget "guessTheNumber" */ = {
			isa = XCConfigurationList;
			buildConfigurations = (
				C944D8D625EF3DF600DA8A63 /* Debug */,
				C944D8D725EF3DF600DA8A63 /* Release */,
			);
			defaultConfigurationIsVisible = 0;
			defaultConfigurationName = Release;
		};
/* End XCConfigurationList section */
	};
	rootObject = C944D8B925EF3DF500DA8A63 /* Project object */;
}
